
Microsoft Visual Studio Solution File, Format Version 12.00
# Visual Studio Version 17
VisualStudioVersion = 17.7.34009.444
MinimumVisualStudioVersion = 10.0.40219.1
Project("{FAE04EC0-301F-11D3-BF4B-00C04F79EFBC}") = "troca de valores", "troca de valores\troca de valores.csproj", "{8B9BEC6D-B4F4-49CC-B3EA-AADD14B5452E}"
EndProject
Global
	GlobalSection(SolutionConfigurationPlatforms) = preSolution
		Debug|Any CPU = Debug|Any CPU
		Release|Any CPU = Release|Any CPU
	EndGlobalSection
	GlobalSection(ProjectConfigurationPlatforms) = postSolution
		{8B9BEC6D-B4F4-49CC-B3EA-AADD14B5452E}.Debug|Any CPU.ActiveCfg = Debug|Any CPU
		{8B9BEC6D-B4F4-49CC-B3EA-AADD14B5452E}.Debug|Any CPU.Build.0 = Debug|Any CPU
		{8B9BEC6D-B4F4-49CC-B3EA-AADD14B5452E}.Release|Any CPU.ActiveCfg = Release|Any CPU
		{8B9BEC6D-B4F4-49CC-B3EA-AADD14B5452E}.Release|Any CPU.Build.0 = Release|Any CPU
	EndGlobalSection
	GlobalSection(SolutionProperties) = preSolution
		HideSolutionNode = FALSE
	EndGlobalSection
	GlobalSection(ExtensibilityGlobals) = postSolution
		SolutionGuid = {72D4046A-0208-4BB5-83F6-C8776710515B}
	EndGlobalSection
EndGlobal
